
Microsoft Visual Studio Solution File, Format Version 12.00
# Visual Studio 15
VisualStudioVersion = 15.0.28010.2019
MinimumVisualStudioVersion = 10.0.40219.1
Project("{8BC9CEB8-8B4A-11D0-8D11-00A0C91BC942}") = "TP8_EDA", "TP8_EDA\TP8_EDA.vcxproj", "{28C64718-77F2-4E38-A357-D8AAC92F08ED}"
EndProject
Global
	GlobalSection(SolutionConfigurationPlatforms) = preSolution
		Debug|x64 = Debug|x64
		Debug|x86 = Debug|x86
		Release|x64 = Release|x64
		Release|x86 = Release|x86
	EndGlobalSection
	GlobalSection(ProjectConfigurationPlatforms) = postSolution
		{28C64718-77F2-4E38-A357-D8AAC92F08ED}.Debug|x64.ActiveCfg = Debug|x64
		{28C64718-77F2-4E38-A357-D8AAC92F08ED}.Debug|x64.Build.0 = Debug|x64
		{28C64718-77F2-4E38-A357-D8AAC92F08ED}.Debug|x86.ActiveCfg = Debug|Win32
		{28C64718-77F2-4E38-A357-D8AAC92F08ED}.Debug|x86.Build.0 = Debug|Win32
		{28C64718-77F2-4E38-A357-D8AAC92F08ED}.Release|x64.ActiveCfg = Release|x64
		{28C64718-77F2-4E38-A357-D8AAC92F08ED}.Release|x64.Build.0 = Release|x64
		{28C64718-77F2-4E38-A357-D8AAC92F08ED}.Release|x86.ActiveCfg = Release|Win32
		{28C64718-77F2-4E38-A357-D8AAC92F08ED}.Release|x86.Build.0 = Release|Win32
	EndGlobalSection
	GlobalSection(SolutionProperties) = preSolution
		HideSolutionNode = FALSE
	EndGlobalSection
	GlobalSection(ExtensibilityGlobals) = postSolution
		SolutionGuid = {80BBE5B8-E13B-4DD5-ACDA-7083D82776D0}
	EndGlobalSection
EndGlobal
